{
  "lockfile_version": "1",
  "packages": {
    "github:NixOS/nixpkgs/nixpkgs-unstable": {
      "last_modified": "2026-05-29T05:01:12Z",
      "resolved": "github:NixOS/nixpkgs/e9a7635a57597d9754eccebdfc7045e6c8600e6b?lastModified=1780030872&narHash=sha256-u6WU%2Fyd%2Fo8iYQrHX3RAwO1hYa3LkoSL%2BWNQD0rJfJZQ%3D"
    },
    "go@1.26.3": {
      "last_modified": "2026-05-21T08:15:18Z",
      "resolved": "github:NixOS/nixpkgs/4a29d733e8a7d5b824c3d8c958a946a9867b3eb2#go",
      "source": "devbox-search",
      "version": "1.26.3",
      "systems": {
        "aarch64-darwin": {
          "outputs": [
            {
              "name": "out",
              "path": "/nix/store/7ycp8j45iay38g9mjaxmy4jhwdsrb47y-go-1.26.3",
              "default": true
            }
          ],
          "store_path": "/nix/store/7ycp8j45iay38g9mjaxmy4jhwdsrb47y-go-1.26.3"
        },
        "aarch64-linux": {
          "outputs": [
            {
              "name": "out",
              "path": "/nix/store/jkcwcbwvhgzmxg59798z4clmj4bfv42i-go-1.26.3",
              "default": true
            }
          ],
          "store_path": "/nix/store/jkcwcbwvhgzmxg59798z4clmj4bfv42i-go-1.26.3"
        },
        "x86_64-darwin": {
          "outputs": [
            {
              "name": "out",
              "path": "/nix/store/3f2jzvxmhhlarjqxy1p7i9r5l34siz29-go-1.26.3",
              "default": true
            }
          ],
          "store_path": "/nix/store/3f2jzvxmhhlarjqxy1p7i9r5l34siz29-go-1.26.3"
        },
        "x86_64-linux": {
          "outputs": [
            {
              "name": "out",
              "path": "/nix/store/33fw5m31lfcnk4ff2f0df7j2bxnh8lgk-go-1.26.3",
              "default": true
            }
          ],
          "store_path": "/nix/store/33fw5m31lfcnk4ff2f0df7j2bxnh8lgk-go-1.26.3"
        }
      }
    },
    "gocover-cobertura@1.4.0": {
      "last_modified": "2026-05-21T08:15:18Z",
      "resolved": "github:NixOS/nixpkgs/4a29d733e8a7d5b824c3d8c958a946a9867b3eb2#gocover-cobertura",
      "source": "devbox-search",
      "version": "1.4.0",
      "systems": {
        "aarch64-darwin": {
          "outputs": [
            {
              "name": "out",
              "path": "/nix/store/c2x6k2d5kmn2312wk3y907w5m0rz9xvy-gocover-cobertura-1.4.0",
              "default": true
            }
          ],
          "store_path": "/nix/store/c2x6k2d5kmn2312wk3y907w5m0rz9xvy-gocover-cobertura-1.4.0"
        },
        "aarch64-linux": {
          "outputs": [
            {
              "name": "out",
              "path": "/nix/store/z1mi5f7cznbiwpjb6f218i7rmvkrl5yj-gocover-cobertura-1.4.0",
              "default": true
            }
          ],
          "store_path": "/nix/store/z1mi5f7cznbiwpjb6f218i7rmvkrl5yj-gocover-cobertura-1.4.0"
        },
        "x86_64-darwin": {
          "outputs": [
            {
              "name": "out",
              "path": "/nix/store/rlhkjz4wb5jdypy6s621g4jxzpv1r3mk-gocover-cobertura-1.4.0",
              "default": true
            }
          ],
          "store_path": "/nix/store/rlhkjz4wb5jdypy6s621g4jxzpv1r3mk-gocover-cobertura-1.4.0"
        },
        "x86_64-linux": {
          "outputs": [
            {
              "name": "out",
              "path": "/nix/store/dn0zk3xhbg9cxbmk5ji5m1671h6b39i1-gocover-cobertura-1.4.0",
              "default": true
            }
          ],
          "store_path": "/nix/store/dn0zk3xhbg9cxbmk5ji5m1671h6b39i1-gocover-cobertura-1.4.0"
        }
      }
    },
    "golangci-lint@2.12.2": {
      "last_modified": "2026-05-21T08:15:18Z",
      "resolved": "github:NixOS/nixpkgs/4a29d733e8a7d5b824c3d8c958a946a9867b3eb2#golangci-lint",
      "source": "devbox-search",
      "version": "2.12.2",
      "systems": {
        "aarch64-darwin": {
          "outputs": [
            {
              "name": "out",
              "path": "/nix/store/paiggn2x6idsnhzn6ss6sdn87lvqadlf-golangci-lint-2.12.2",
              "default": true
            }
          ],
          "store_path": "/nix/store/paiggn2x6idsnhzn6ss6sdn87lvqadlf-golangci-lint-2.12.2"
        },
        "aarch64-linux": {
          "outputs": [
            {
              "name": "out",
              "path": "/nix/store/mxcfgfnl675mlqnm7v3zliq0y1wisw7i-golangci-lint-2.12.2",
              "default": true
            }
          ],
          "store_path": "/nix/store/mxcfgfnl675mlqnm7v3zliq0y1wisw7i-golangci-lint-2.12.2"
        },
        "x86_64-darwin": {
          "outputs": [
            {
              "name": "out",
              "path": "/nix/store/80gb4fz1fs06h9y8c7xb80yfz0zd3qaa-golangci-lint-2.12.2",
              "default": true
            }
          ],
          "store_path": "/nix/store/80gb4fz1fs06h9y8c7xb80yfz0zd3qaa-golangci-lint-2.12.2"
        },
        "x86_64-linux": {
          "outputs": [
            {
              "name": "out",
              "path": "/nix/store/x3ism4ihdsansi2y1ldhs78244pxv22w-golangci-lint-2.12.2",
              "default": true
            }
          ],
          "store_path": "/nix/store/x3ism4ihdsansi2y1ldhs78244pxv22w-golangci-lint-2.12.2"
        }
      }
    },
    "gotestsum@1.13.0": {
      "last_modified": "2026-05-21T08:15:18Z",
      "resolved": "github:NixOS/nixpkgs/4a29d733e8a7d5b824c3d8c958a946a9867b3eb2#gotestsum",
      "source": "devbox-search",
      "version": "1.13.0",
      "systems": {
        "aarch64-darwin": {
          "outputs": [
            {
              "name": "out",
              "path": "/nix/store/j3ay2rp75d7k0wm1v5ddqx767i8fgmyc-gotestsum-1.13.0",
              "default": true
            }
          ],
          "store_path": "/nix/store/j3ay2rp75d7k0wm1v5ddqx767i8fgmyc-gotestsum-1.13.0"
        },
        "aarch64-linux": {
          "outputs": [
            {
              "name": "out",
              "path": "/nix/store/bhfrc10yplyrx0wvhx57as72m2r8qcbq-gotestsum-1.13.0",
              "default": true
            }
          ],
          "store_path": "/nix/store/bhfrc10yplyrx0wvhx57as72m2r8qcbq-gotestsum-1.13.0"
        },
        "x86_64-darwin": {
          "outputs": [
            {
              "name": "out",
              "path": "/nix/store/vkwrls1sgifichkkd9y3dab2yqmw7vgc-gotestsum-1.13.0",
              "default": true
            }
          ],
          "store_path": "/nix/store/vkwrls1sgifichkkd9y3dab2yqmw7vgc-gotestsum-1.13.0"
        },
        "x86_64-linux": {
          "outputs": [
            {
              "name": "out",
              "path": "/nix/store/ic6vaw3flcy3qwjsh8q5y9y8xd4pr4cy-gotestsum-1.13.0",
              "default": true
            }
          ],
          "store_path": "/nix/store/ic6vaw3flcy3qwjsh8q5y9y8xd4pr4cy-gotestsum-1.13.0"
        }
      }
    }
  }
}
